
Microsoft Visual Studio Solution File, Format Version 12.00
# Visual Studio 2012
Project("{FAE04EC0-301F-11D3-BF4B-00C04F79EFBC}") = "GameProj", "GameProj\GameProj\GameProj.csproj", "{CEC48989-BEF4-4195-9B4E-DB38040B1006}"
EndProject
Project("{96E2B04D-8817-42C6-938A-82C39BA4D311}") = "GameProjContent", "GameProj\GameProjContent\GameProjContent.contentproj", "{B124B82B-EC06-4639-BA4A-AC151D10E4AB}"
EndProject
Global
	GlobalSection(SolutionConfigurationPlatforms) = preSolution
		Debug|x86 = Debug|x86
		Release|x86 = Release|x86
	EndGlobalSection
	GlobalSection(ProjectConfigurationPlatforms) = postSolution
		{CEC48989-BEF4-4195-9B4E-DB38040B1006}.Debug|x86.ActiveCfg = Debug|x86
		{CEC48989-BEF4-4195-9B4E-DB38040B1006}.Debug|x86.Build.0 = Debug|x86
		{CEC48989-BEF4-4195-9B4E-DB38040B1006}.Release|x86.ActiveCfg = Release|x86
		{CEC48989-BEF4-4195-9B4E-DB38040B1006}.Release|x86.Build.0 = Release|x86
		{B124B82B-EC06-4639-BA4A-AC151D10E4AB}.Debug|x86.ActiveCfg = Debug|x86
		{B124B82B-EC06-4639-BA4A-AC151D10E4AB}.Release|x86.ActiveCfg = Release|x86
	EndGlobalSection
	GlobalSection(SolutionProperties) = preSolution
		HideSolutionNode = FALSE
	EndGlobalSection
EndGlobal
